
Microsoft Visual Studio Solution File, Format Version 12.00
# Visual Studio 2017
Project("{FAE04EC0-301F-11D3-BF4B-00C04F79EFBC}") = "hnsda", "hnsda.csproj", "{6A214031-1837-D0B9-F032-AC8A31552B01}"
EndProject
Global
	GlobalSection(SolutionConfigurationPlatforms) = preSolution
		Debug|Any CPU = Debug|Any CPU
		Release|Any CPU = Release|Any CPU
	EndGlobalSection
	GlobalSection(ProjectConfigurationPlatforms) = postSolution
		{6A214031-1837-D0B9-F032-AC8A31552B01}.Debug|Any CPU.ActiveCfg = Debug|Any CPU
		{6A214031-1837-D0B9-F032-AC8A31552B01}.Debug|Any CPU.Build.0 = Debug|Any CPU
		{6A214031-1837-D0B9-F032-AC8A31552B01}.Release|Any CPU.ActiveCfg = Release|Any CPU
		{6A214031-1837-D0B9-F032-AC8A31552B01}.Release|Any CPU.Build.0 = Release|Any CPU
	EndGlobalSection
	GlobalSection(SolutionProperties) = preSolution
		HideSolutionNode = FALSE
	EndGlobalSection
EndGlobal
